Microsoft Visual Studio Solution File, Format Version 11.00
# Visual Studio 2010
Project("{FAE04EC0-301F-11D3-BF4B-00C04F79EFBC}") = "iSpyApplication", "iSpyApplication\iSpyApplication.csproj", "{F4799C73-DEE9-48F2-B626-32149CC30976}"
EndProject
Project("{FAE04EC0-301F-11D3-BF4B-00C04F79EFBC}") = "iSpyServer", "iSpyServer\iSpyServer.csproj", "{3C67FE21-4146-430D-9623-F25DB069AD0F}"
EndProject
Project("{54435603-DBB4-11D2-8724-00A0C9A8B90C}") = "iSpyServerSetup", "iSpyServerSetup\iSpyServerSetup.vdproj", "{3A593A91-16CA-4047-9770-594AEF4C95EF}"
EndProject
Project("{FAE04EC0-301F-11D3-BF4B-00C04F79EFBC}") = "iSpyMonitor", "iSpyMonitor\iSpyMonitor.csproj", "{949FACB4-C156-4EFE-93B4-654CA8794DE5}"
EndProject
Project("{8BC9CEB8-8B4A-11D0-8D11-00A0C91BC942}") = "Video.FFMPEG", "Video.FFMPEG\Video.FFMPEG.vcxproj", "{FF31DD24-127D-4EB1-929C-F5738147E886}"
EndProject
Project("{54435603-DBB4-11D2-8724-00A0C9A8B90C}") = "iSpySetup", "iSpySetup\iSpySetup.vdproj", "{64A1D387-7850-49F3-8C58-40634F1E1F8C}"
EndProject
Project("{FAE04EC0-301F-11D3-BF4B-00C04F79EFBC}") = "Video.DirectShow", "..\AForge\Sources\Video.DirectShow\Video.DirectShow.csproj", "{26CD2CE7-FF63-4669-83B0-7D9C8F3408EE}"
EndProject
Global
	GlobalSection(SolutionConfigurationPlatforms) = preSolution
		CD_ROM|Any CPU = CD_ROM|Any CPU
		CD_ROM|Mixed Platforms = CD_ROM|Mixed Platforms
		CD_ROM|Win32 = CD_ROM|Win32
		CD_ROM|x86 = CD_ROM|x86
		Debug|Any CPU = Debug|Any CPU
		Debug|Mixed Platforms = Debug|Mixed Platforms
		Debug|Win32 = Debug|Win32
		Debug|x86 = Debug|x86
		DVD-5|Any CPU = DVD-5|Any CPU
		DVD-5|Mixed Platforms = DVD-5|Mixed Platforms
		DVD-5|Win32 = DVD-5|Win32
		DVD-5|x86 = DVD-5|x86
		Release|Any CPU = Release|Any CPU
		Release|Mixed Platforms = Release|Mixed Platforms
		Release|Win32 = Release|Win32
		Release|x86 = Release|x86
		SingleImage|Any CPU = SingleImage|Any CPU
		SingleImage|Mixed Platforms = SingleImage|Mixed Platforms
		SingleImage|Win32 = SingleImage|Win32
		SingleImage|x86 = SingleImage|x86
	EndGlobalSection
	GlobalSection(ProjectConfigurationPlatforms) = postSolution
		{F4799C73-DEE9-48F2-B626-32149CC30976}.CD_ROM|Any CPU.ActiveCfg = Release|x86
		{F4799C73-DEE9-48F2-B626-32149CC30976}.CD_ROM|Mixed Platforms.ActiveCfg = Release|x86
		{F4799C73-DEE9-48F2-B626-32149CC30976}.CD_ROM|Mixed Platforms.Build.0 = Release|x86
		{F4799C73-DEE9-48F2-B626-32149CC30976}.CD_ROM|Win32.ActiveCfg = Release|x86
		{F4799C73-DEE9-48F2-B626-32149CC30976}.CD_ROM|x86.ActiveCfg = Release|x86
		{F4799C73-DEE9-48F2-B626-32149CC30976}.CD_ROM|x86.Build.0 = Release|x86
		{F4799C73-DEE9-48F2-B626-32149CC30976}.Debug|Any CPU.ActiveCfg = Debug|Any CPU
		{F4799C73-DEE9-48F2-B626-32149CC30976}.Debug|Any CPU.Build.0 = Debug|Any CPU
		{F4799C73-DEE9-48F2-B626-32149CC30976}.Debug|Mixed Platforms.ActiveCfg = Debug|x86
		{F4799C73-DEE9-48F2-B626-32149CC30976}.Debug|Mixed Platforms.Build.0 = Debug|x86
		{F4799C73-DEE9-48F2-B626-32149CC30976}.Debug|Win32.ActiveCfg = Debug|x86
		{F4799C73-DEE9-48F2-B626-32149CC30976}.Debug|x86.ActiveCfg = Debug|x86
		{F4799C73-DEE9-48F2-B626-32149CC30976}.Debug|x86.Build.0 = Debug|x86
		{F4799C73-DEE9-48F2-B626-32149CC30976}.DVD-5|Any CPU.ActiveCfg = Debug|x86
		{F4799C73-DEE9-48F2-B626-32149CC30976}.DVD-5|Mixed Platforms.ActiveCfg = Debug|x86
		{F4799C73-DEE9-48F2-B626-32149CC30976}.DVD-5|Mixed Platforms.Build.0 = Debug|x86
		{F4799C73-DEE9-48F2-B626-32149CC30976}.DVD-5|Win32.ActiveCfg = Debug|x86
		{F4799C73-DEE9-48F2-B626-32149CC30976}.DVD-5|x86.ActiveCfg = Debug|x86
		{F4799C73-DEE9-48F2-B626-32149CC30976}.DVD-5|x86.Build.0 = Debug|x86
		{F4799C73-DEE9-48F2-B626-32149CC30976}.Release|Any CPU.ActiveCfg = Release|Any CPU
		{F4799C73-DEE9-48F2-B626-32149CC30976}.Release|Any CPU.Build.0 = Release|Any CPU
		{F4799C73-DEE9-48F2-B626-32149CC30976}.Release|Mixed Platforms.ActiveCfg = Release|x86
		{F4799C73-DEE9-48F2-B626-32149CC30976}.Release|Mixed Platforms.Build.0 = Release|x86
		{F4799C73-DEE9-48F2-B626-32149CC30976}.Release|Win32.ActiveCfg = Release|x86
		{F4799C73-DEE9-48F2-B626-32149CC30976}.Release|x86.ActiveCfg = Release|x86
		{F4799C73-DEE9-48F2-B626-32149CC30976}.Release|x86.Build.0 = Release|x86
		{F4799C73-DEE9-48F2-B626-32149CC30976}.SingleImage|Any CPU.ActiveCfg = Release|x86
		{F4799C73-DEE9-48F2-B626-32149CC30976}.SingleImage|Mixed Platforms.ActiveCfg = Release|x86
		{F4799C73-DEE9-48F2-B626-32149CC30976}.SingleImage|Mixed Platforms.Build.0 = Release|x86
		{F4799C73-DEE9-48F2-B626-32149CC30976}.SingleImage|Win32.ActiveCfg = Release|x86
		{F4799C73-DEE9-48F2-B626-32149CC30976}.SingleImage|x86.ActiveCfg = Release|x86
		{F4799C73-DEE9-48F2-B626-32149CC30976}.SingleImage|x86.Build.0 = Release|x86
		{3C67FE21-4146-430D-9623-F25DB069AD0F}.CD_ROM|Any CPU.ActiveCfg = Release|x86
		{3C67FE21-4146-430D-9623-F25DB069AD0F}.CD_ROM|Mixed Platforms.ActiveCfg = Release|x86
		{3C67FE21-4146-430D-9623-F25DB069AD0F}.CD_ROM|Mixed Platforms.Build.0 = Release|x86
		{3C67FE21-4146-430D-9623-F25DB069AD0F}.CD_ROM|Win32.ActiveCfg = Release|x86
		{3C67FE21-4146-430D-9623-F25DB069AD0F}.CD_ROM|x86.ActiveCfg = Release|x86
		{3C67FE21-4146-430D-9623-F25DB069AD0F}.CD_ROM|x86.Build.0 = Release|x86
		{3C67FE21-4146-430D-9623-F25DB069AD0F}.Debug|Any CPU.ActiveCfg = Debug|Any CPU
		{3C67FE21-4146-430D-9623-F25DB069AD0F}.Debug|Any CPU.Build.0 = Debug|Any CPU
		{3C67FE21-4146-430D-9623-F25DB069AD0F}.Debug|Mixed Platforms.ActiveCfg = Debug|x86
		{3C67FE21-4146-430D-9623-F25DB069AD0F}.Debug|Win32.ActiveCfg = Debug|x86
		{3C67FE21-4146-430D-9623-F25DB069AD0F}.Debug|x86.ActiveCfg = Debug|x86
		{3C67FE21-4146-430D-9623-F25DB069AD0F}.Debug|x86.Build.0 = Debug|x86
		{3C67FE21-4146-430D-9623-F25DB069AD0F}.DVD-5|Any CPU.ActiveCfg = Debug|x86
		{3C67FE21-4146-430D-9623-F25DB069AD0F}.DVD-5|Mixed Platforms.ActiveCfg = Debug|x86
		{3C67FE21-4146-430D-9623-F25DB069AD0F}.DVD-5|Mixed Platforms.Build.0 = Debug|x86
		{3C67FE21-4146-430D-9623-F25DB069AD0F}.DVD-5|Win32.ActiveCfg = Debug|x86
		{3C67FE21-4146-430D-9623-F25DB069AD0F}.DVD-5|x86.ActiveCfg = Debug|x86
		{3C67FE21-4146-430D-9623-F25DB069AD0F}.DVD-5|x86.Build.0 = Debug|x86
		{3C67FE21-4146-430D-9623-F25DB069AD0F}.Release|Any CPU.ActiveCfg = Release|Any CPU
		{3C67FE21-4146-430D-9623-F25DB069AD0F}.Release|Any CPU.Build.0 = Release|Any CPU
		{3C67FE21-4146-430D-9623-F25DB069AD0F}.Release|Mixed Platforms.ActiveCfg = Release|x86
		{3C67FE21-4146-430D-9623-F25DB069AD0F}.Release|Mixed Platforms.Build.0 = Release|x86
		{3C67FE21-4146-430D-9623-F25DB069AD0F}.Release|Win32.ActiveCfg = Release|x86
		{3C67FE21-4146-430D-9623-F25DB069AD0F}.Release|x86.ActiveCfg = Release|x86
		{3C67FE21-4146-430D-9623-F25DB069AD0F}.Release|x86.Build.0 = Release|x86
		{3C67FE21-4146-430D-9623-F25DB069AD0F}.SingleImage|Any CPU.ActiveCfg = Release|x86
		{3C67FE21-4146-430D-9623-F25DB069AD0F}.SingleImage|Mixed Platforms.ActiveCfg = Release|x86
		{3C67FE21-4146-430D-9623-F25DB069AD0F}.SingleImage|Mixed Platforms.Build.0 = Release|x86
		{3C67FE21-4146-430D-9623-F25DB069AD0F}.SingleImage|Win32.ActiveCfg = Release|x86
		{3C67FE21-4146-430D-9623-F25DB069AD0F}.SingleImage|x86.ActiveCfg = Release|x86
		{3C67FE21-4146-430D-9623-F25DB069AD0F}.SingleImage|x86.Build.0 = Release|x86
		{3A593A91-16CA-4047-9770-594AEF4C95EF}.CD_ROM|Any CPU.ActiveCfg = Release
		{3A593A91-16CA-4047-9770-594AEF4C95EF}.CD_ROM|Any CPU.Build.0 = Release
		{3A593A91-16CA-4047-9770-594AEF4C95EF}.CD_ROM|Mixed Platforms.ActiveCfg = Release
		{3A593A91-16CA-4047-9770-594AEF4C95EF}.CD_ROM|Mixed Platforms.Build.0 = Release
		{3A593A91-16CA-4047-9770-594AEF4C95EF}.CD_ROM|Win32.ActiveCfg = Release
		{3A593A91-16CA-4047-9770-594AEF4C95EF}.CD_ROM|Win32.Build.0 = Release
		{3A593A91-16CA-4047-9770-594AEF4C95EF}.CD_ROM|x86.ActiveCfg = Release
		{3A593A91-16CA-4047-9770-594AEF4C95EF}.CD_ROM|x86.Build.0 = Release
		{3A593A91-16CA-4047-9770-594AEF4C95EF}.Debug|Any CPU.ActiveCfg = Debug
		{3A593A91-16CA-4047-9770-594AEF4C95EF}.Debug|Any CPU.Build.0 = Debug
		{3A593A91-16CA-4047-9770-594AEF4C95EF}.Debug|Mixed Platforms.ActiveCfg = Debug
		{3A593A91-16CA-4047-9770-594AEF4C95EF}.Debug|Win32.ActiveCfg = Debug
		{3A593A91-16CA-4047-9770-594AEF4C95EF}.Debug|Win32.Build.0 = Debug
		{3A593A91-16CA-4047-9770-594AEF4C95EF}.Debug|x86.ActiveCfg = Debug
		{3A593A91-16CA-4047-9770-594AEF4C95EF}.Debug|x86.Build.0 = Debug
		{3A593A91-16CA-4047-9770-594AEF4C95EF}.DVD-5|Any CPU.ActiveCfg = Debug
		{3A593A91-16CA-4047-9770-594AEF4C95EF}.DVD-5|Any CPU.Build.0 = Debug
		{3A593A91-16CA-4047-9770-594AEF4C95EF}.DVD-5|Mixed Platforms.ActiveCfg = Debug
		{3A593A91-16CA-4047-9770-594AEF4C95EF}.DVD-5|Mixed Platforms.Build.0 = Debug
		{3A593A91-16CA-4047-9770-594AEF4C95EF}.DVD-5|Win32.ActiveCfg = Debug
		{3A593A91-16CA-4047-9770-594AEF4C95EF}.DVD-5|Win32.Build.0 = Debug
		{3A593A91-16CA-4047-9770-594AEF4C95EF}.DVD-5|x86.ActiveCfg = Debug
		{3A593A91-16CA-4047-9770-594AEF4C95EF}.DVD-5|x86.Build.0 = Debug
		{3A593A91-16CA-4047-9770-594AEF4C95EF}.Release|Any CPU.ActiveCfg = Release
		{3A593A91-16CA-4047-9770-594AEF4C95EF}.Release|Any CPU.Build.0 = Release
		{3A593A91-16CA-4047-9770-594AEF4C95EF}.Release|Mixed Platforms.ActiveCfg = Release
		{3A593A91-16CA-4047-9770-594AEF4C95EF}.Release|Mixed Platforms.Build.0 = Release
		{3A593A91-16CA-4047-9770-594AEF4C95EF}.Release|Win32.ActiveCfg = Release
		{3A593A91-16CA-4047-9770-594AEF4C95EF}.Release|Win32.Build.0 = Release
		{3A593A91-16CA-4047-9770-594AEF4C95EF}.Release|x86.ActiveCfg = Release
		{3A593A91-16CA-4047-9770-594AEF4C95EF}.Release|x86.Build.0 = Release
		{3A593A91-16CA-4047-9770-594AEF4C95EF}.SingleImage|Any CPU.ActiveCfg = Release
		{3A593A91-16CA-4047-9770-594AEF4C95EF}.SingleImage|Any CPU.Build.0 = Release
		{3A593A91-16CA-4047-9770-594AEF4C95EF}.SingleImage|Mixed Platforms.ActiveCfg = Release
		{3A593A91-16CA-4047-9770-594AEF4C95EF}.SingleImage|Mixed Platforms.Build.0 = Release
		{3A593A91-16CA-4047-9770-594AEF4C95EF}.SingleImage|Win32.ActiveCfg = Release
		{3A593A91-16CA-4047-9770-594AEF4C95EF}.SingleImage|Win32.Build.0 = Release
		{3A593A91-16CA-4047-9770-594AEF4C95EF}.SingleImage|x86.ActiveCfg = Release
		{3A593A91-16CA-4047-9770-594AEF4C95EF}.SingleImage|x86.Build.0 = Release
		{949FACB4-C156-4EFE-93B4-654CA8794DE5}.CD_ROM|Any CPU.ActiveCfg = Release|x86
		{949FACB4-C156-4EFE-93B4-654CA8794DE5}.CD_ROM|Mixed Platforms.ActiveCfg = Release|x86
		{949FACB4-C156-4EFE-93B4-654CA8794DE5}.CD_ROM|Mixed Platforms.Build.0 = Release|x86
		{949FACB4-C156-4EFE-93B4-654CA8794DE5}.CD_ROM|Win32.ActiveCfg = Release|x86
		{949FACB4-C156-4EFE-93B4-654CA8794DE5}.CD_ROM|x86.ActiveCfg = Release|x86
		{949FACB4-C156-4EFE-93B4-654CA8794DE5}.CD_ROM|x86.Build.0 = Release|x86
		{949FACB4-C156-4EFE-93B4-654CA8794DE5}.Debug|Any CPU.ActiveCfg = Debug|x86
		{949FACB4-C156-4EFE-93B4-654CA8794DE5}.Debug|Mixed Platforms.ActiveCfg = Debug|x86
		{949FACB4-C156-4EFE-93B4-654CA8794DE5}.Debug|Win32.ActiveCfg = Debug|x86
		{949FACB4-C156-4EFE-93B4-654CA8794DE5}.Debug|x86.ActiveCfg = Debug|x86
		{949FACB4-C156-4EFE-93B4-654CA8794DE5}.Debug|x86.Build.0 = Debug|x86
		{949FACB4-C156-4EFE-93B4-654CA8794DE5}.DVD-5|Any CPU.ActiveCfg = Debug|x86
		{949FACB4-C156-4EFE-93B4-654CA8794DE5}.DVD-5|Mixed Platforms.ActiveCfg = Debug|x86
		{949FACB4-C156-4EFE-93B4-654CA8794DE5}.DVD-5|Mixed Platforms.Build.0 = Debug|x86
		{949FACB4-C156-4EFE-93B4-654CA8794DE5}.DVD-5|Win32.ActiveCfg = Debug|x86
		{949FACB4-C156-4EFE-93B4-654CA8794DE5}.DVD-5|x86.ActiveCfg = Debug|x86
		{949FACB4-C156-4EFE-93B4-654CA8794DE5}.DVD-5|x86.Build.0 = Debug|x86
		{949FACB4-C156-4EFE-93B4-654CA8794DE5}.Release|Any CPU.ActiveCfg = Release|x86
		{949FACB4-C156-4EFE-93B4-654CA8794DE5}.Release|Mixed Platforms.ActiveCfg = Release|x86
		{949FACB4-C156-4EFE-93B4-654CA8794DE5}.Release|Mixed Platforms.Build.0 = Release|x86
		{949FACB4-C156-4EFE-93B4-654CA8794DE5}.Release|Win32.ActiveCfg = Release|x86
		{949FACB4-C156-4EFE-93B4-654CA8794DE5}.Release|x86.ActiveCfg = Release|x86
		{949FACB4-C156-4EFE-93B4-654CA8794DE5}.Release|x86.Build.0 = Release|x86
		{949FACB4-C156-4EFE-93B4-654CA8794DE5}.SingleImage|Any CPU.ActiveCfg = Release|x86
		{949FACB4-C156-4EFE-93B4-654CA8794DE5}.SingleImage|Mixed Platforms.ActiveCfg = Release|x86
		{949FACB4-C156-4EFE-93B4-654CA8794DE5}.SingleImage|Mixed Platforms.Build.0 = Release|x86
		{949FACB4-C156-4EFE-93B4-654CA8794DE5}.SingleImage|Win32.ActiveCfg = Release|x86
		{949FACB4-C156-4EFE-93B4-654CA8794DE5}.SingleImage|x86.ActiveCfg = Release|x86
		{949FACB4-C156-4EFE-93B4-654CA8794DE5}.SingleImage|x86.Build.0 = Release|x86
		{FF31DD24-127D-4EB1-929C-F5738147E886}.CD_ROM|Any CPU.ActiveCfg = Release|Win32
		{FF31DD24-127D-4EB1-929C-F5738147E886}.CD_ROM|Mixed Platforms.ActiveCfg = Release|Win32
		{FF31DD24-127D-4EB1-929C-F5738147E886}.CD_ROM|Mixed Platforms.Build.0 = Release|Win32
		{FF31DD24-127D-4EB1-929C-F5738147E886}.CD_ROM|Win32.ActiveCfg = Release|Win32
		{FF31DD24-127D-4EB1-929C-F5738147E886}.CD_ROM|Win32.Build.0 = Release|Win32
		{FF31DD24-127D-4EB1-929C-F5738147E886}.CD_ROM|x86.ActiveCfg = Release|Win32
		{FF31DD24-127D-4EB1-929C-F5738147E886}.Debug|Any CPU.ActiveCfg = Debug|Win32
		{FF31DD24-127D-4EB1-929C-F5738147E886}.Debug|Mixed Platforms.ActiveCfg = Debug|Win32
		{FF31DD24-127D-4EB1-929C-F5738147E886}.Debug|Mixed Platforms.Build.0 = Debug|Win32
		{FF31DD24-127D-4EB1-929C-F5738147E886}.Debug|Win32.ActiveCfg = Debug|Win32
		{FF31DD24-127D-4EB1-929C-F5738147E886}.Debug|Win32.Build.0 = Debug|Win32
		{FF31DD24-127D-4EB1-929C-F5738147E886}.Debug|x86.ActiveCfg = Debug|Win32
		{FF31DD24-127D-4EB1-929C-F5738147E886}.Debug|x86.Build.0 = Debug|Win32
		{FF31DD24-127D-4EB1-929C-F5738147E886}.DVD-5|Any CPU.ActiveCfg = Debug|Win32
		{FF31DD24-127D-4EB1-929C-F5738147E886}.DVD-5|Mixed Platforms.ActiveCfg = Debug|Win32
		{FF31DD24-127D-4EB1-929C-F5738147E886}.DVD-5|Mixed Platforms.Build.0 = Debug|Win32
		{FF31DD24-127D-4EB1-929C-F5738147E886}.DVD-5|Win32.ActiveCfg = Debug|Win32
		{FF31DD24-127D-4EB1-929C-F5738147E886}.DVD-5|Win32.Build.0 = Debug|Win32
		{FF31DD24-127D-4EB1-929C-F5738147E886}.DVD-5|x86.ActiveCfg = Debug|Win32
		{FF31DD24-127D-4EB1-929C-F5738147E886}.Release|Any CPU.ActiveCfg = Release|Win32
		{FF31DD24-127D-4EB1-929C-F5738147E886}.Release|Mixed Platforms.ActiveCfg = Release|Win32
		{FF31DD24-127D-4EB1-929C-F5738147E886}.Release|Mixed Platforms.Build.0 = Release|Win32
		{FF31DD24-127D-4EB1-929C-F5738147E886}.Release|Win32.ActiveCfg = Release|Win32
		{FF31DD24-127D-4EB1-929C-F5738147E886}.Release|Win32.Build.0 = Release|Win32
		{FF31DD24-127D-4EB1-929C-F5738147E886}.Release|x86.ActiveCfg = Release|Win32
		{FF31DD24-127D-4EB1-929C-F5738147E886}.Release|x86.Build.0 = Release|Win32
		{FF31DD24-127D-4EB1-929C-F5738147E886}.SingleImage|Any CPU.ActiveCfg = Release|Win32
		{FF31DD24-127D-4EB1-929C-F5738147E886}.SingleImage|Mixed Platforms.ActiveCfg = Release|Win32
		{FF31DD24-127D-4EB1-929C-F5738147E886}.SingleImage|Mixed Platforms.Build.0 = Release|Win32
		{FF31DD24-127D-4EB1-929C-F5738147E886}.SingleImage|Win32.ActiveCfg = Release|Win32
		{FF31DD24-127D-4EB1-929C-F5738147E886}.SingleImage|Win32.Build.0 = Release|Win32
		{FF31DD24-127D-4EB1-929C-F5738147E886}.SingleImage|x86.ActiveCfg = Release|Win32
		{64A1D387-7850-49F3-8C58-40634F1E1F8C}.CD_ROM|Any CPU.ActiveCfg = Release
		{64A1D387-7850-49F3-8C58-40634F1E1F8C}.CD_ROM|Any CPU.Build.0 = Release
		{64A1D387-7850-49F3-8C58-40634F1E1F8C}.CD_ROM|Mixed Platforms.ActiveCfg = Release
		{64A1D387-7850-49F3-8C58-40634F1E1F8C}.CD_ROM|Mixed Platforms.Build.0 = Release
		{64A1D387-7850-49F3-8C58-40634F1E1F8C}.CD_ROM|Win32.ActiveCfg = Release
		{64A1D387-7850-49F3-8C58-40634F1E1F8C}.CD_ROM|Win32.Build.0 = Release
		{64A1D387-7850-49F3-8C58-40634F1E1F8C}.CD_ROM|x86.ActiveCfg = Release
		{64A1D387-7850-49F3-8C58-40634F1E1F8C}.CD_ROM|x86.Build.0 = Release
		{64A1D387-7850-49F3-8C58-40634F1E1F8C}.Debug|Any CPU.ActiveCfg = Debug
		{64A1D387-7850-49F3-8C58-40634F1E1F8C}.Debug|Any CPU.Build.0 = Debug
		{64A1D387-7850-49F3-8C58-40634F1E1F8C}.Debug|Mixed Platforms.ActiveCfg = Debug
		{64A1D387-7850-49F3-8C58-40634F1E1F8C}.Debug|Win32.ActiveCfg = Debug
		{64A1D387-7850-49F3-8C58-40634F1E1F8C}.Debug|Win32.Build.0 = Debug
		{64A1D387-7850-49F3-8C58-40634F1E1F8C}.Debug|x86.ActiveCfg = Debug
		{64A1D387-7850-49F3-8C58-40634F1E1F8C}.Debug|x86.Build.0 = Debug
		{64A1D387-7850-49F3-8C58-40634F1E1F8C}.DVD-5|Any CPU.ActiveCfg = Debug
		{64A1D387-7850-49F3-8C58-40634F1E1F8C}.DVD-5|Any CPU.Build.0 = Debug
		{64A1D387-7850-49F3-8C58-40634F1E1F8C}.DVD-5|Mixed Platforms.ActiveCfg = Debug
		{64A1D387-7850-49F3-8C58-40634F1E1F8C}.DVD-5|Mixed Platforms.Build.0 = Debug
		{64A1D387-7850-49F3-8C58-40634F1E1F8C}.DVD-5|Win32.ActiveCfg = Debug
		{64A1D387-7850-49F3-8C58-40634F1E1F8C}.DVD-5|Win32.Build.0 = Debug
		{64A1D387-7850-49F3-8C58-40634F1E1F8C}.DVD-5|x86.ActiveCfg = Debug
		{64A1D387-7850-49F3-8C58-40634F1E1F8C}.DVD-5|x86.Build.0 = Debug
		{64A1D387-7850-49F3-8C58-40634F1E1F8C}.Release|Any CPU.ActiveCfg = Release
		{64A1D387-7850-49F3-8C58-40634F1E1F8C}.Release|Any CPU.Build.0 = Release
		{64A1D387-7850-49F3-8C58-40634F1E1F8C}.Release|Mixed Platforms.ActiveCfg = Release
		{64A1D387-7850-49F3-8C58-40634F1E1F8C}.Release|Mixed Platforms.Build.0 = Release
		{64A1D387-7850-49F3-8C58-40634F1E1F8C}.Release|Win32.ActiveCfg = Release
		{64A1D387-7850-49F3-8C58-40634F1E1F8C}.Release|Win32.Build.0 = Release
		{64A1D387-7850-49F3-8C58-40634F1E1F8C}.Release|x86.ActiveCfg = Release
		{64A1D387-7850-49F3-8C58-40634F1E1F8C}.Release|x86.Build.0 = Release
		{64A1D387-7850-49F3-8C58-40634F1E1F8C}.SingleImage|Any CPU.ActiveCfg = Release
		{64A1D387-7850-49F3-8C58-40634F1E1F8C}.SingleImage|Any CPU.Build.0 = Release
		{64A1D387-7850-49F3-8C58-40634F1E1F8C}.SingleImage|Mixed Platforms.ActiveCfg = Release
		{64A1D387-7850-49F3-8C58-40634F1E1F8C}.SingleImage|Mixed Platforms.Build.0 = Release
		{64A1D387-7850-49F3-8C58-40634F1E1F8C}.SingleImage|Win32.ActiveCfg = Release
		{64A1D387-7850-49F3-8C58-40634F1E1F8C}.SingleImage|Win32.Build.0 = Release
		{64A1D387-7850-49F3-8C58-40634F1E1F8C}.SingleImage|x86.ActiveCfg = Release
		{64A1D387-7850-49F3-8C58-40634F1E1F8C}.SingleImage|x86.Build.0 = Release
		{26CD2CE7-FF63-4669-83B0-7D9C8F3408EE}.CD_ROM|Any CPU.ActiveCfg = Release|Any CPU
		{26CD2CE7-FF63-4669-83B0-7D9C8F3408EE}.CD_ROM|Any CPU.Build.0 = Release|Any CPU
		{26CD2CE7-FF63-4669-83B0-7D9C8F3408EE}.CD_ROM|Mixed Platforms.ActiveCfg = Release|Any CPU
		{26CD2CE7-FF63-4669-83B0-7D9C8F3408EE}.CD_ROM|Mixed Platforms.Build.0 = Release|Any CPU
		{26CD2CE7-FF63-4669-83B0-7D9C8F3408EE}.CD_ROM|Win32.ActiveCfg = Release|Any CPU
		{26CD2CE7-FF63-4669-83B0-7D9C8F3408EE}.CD_ROM|x86.ActiveCfg = Release|Any CPU
		{26CD2CE7-FF63-4669-83B0-7D9C8F3408EE}.Debug|Any CPU.ActiveCfg = Debug|Any CPU
		{26CD2CE7-FF63-4669-83B0-7D9C8F3408EE}.Debug|Any CPU.Build.0 = Debug|Any CPU
		{26CD2CE7-FF63-4669-83B0-7D9C8F3408EE}.Debug|Mixed Platforms.ActiveCfg = Debug|Any CPU
		{26CD2CE7-FF63-4669-83B0-7D9C8F3408EE}.Debug|Mixed Platforms.Build.0 = Debug|Any CPU
		{26CD2CE7-FF63-4669-83B0-7D9C8F3408EE}.Debug|Win32.ActiveCfg = Debug|Any CPU
		{26CD2CE7-FF63-4669-83B0-7D9C8F3408EE}.Debug|x86.ActiveCfg = Debug|Any CPU
		{26CD2CE7-FF63-4669-83B0-7D9C8F3408EE}.DVD-5|Any CPU.ActiveCfg = Debug|Any CPU
		{26CD2CE7-FF63-4669-83B0-7D9C8F3408EE}.DVD-5|Any CPU.Build.0 = Debug|Any CPU
		{26CD2CE7-FF63-4669-83B0-7D9C8F3408EE}.DVD-5|Mixed Platforms.ActiveCfg = Debug|Any CPU
		{26CD2CE7-FF63-4669-83B0-7D9C8F3408EE}.DVD-5|Mixed Platforms.Build.0 = Debug|Any CPU
		{26CD2CE7-FF63-4669-83B0-7D9C8F3408EE}.DVD-5|Win32.ActiveCfg = Debug|Any CPU
		{26CD2CE7-FF63-4669-83B0-7D9C8F3408EE}.DVD-5|x86.ActiveCfg = Debug|Any CPU
		{26CD2CE7-FF63-4669-83B0-7D9C8F3408EE}.Release|Any CPU.ActiveCfg = Release|Any CPU
		{26CD2CE7-FF63-4669-83B0-7D9C8F3408EE}.Release|Any CPU.Build.0 = Release|Any CPU
		{26CD2CE7-FF63-4669-83B0-7D9C8F3408EE}.Release|Mixed Platforms.ActiveCfg = Release|Any CPU
		{26CD2CE7-FF63-4669-83B0-7D9C8F3408EE}.Release|Mixed Platforms.Build.0 = Release|Any CPU
		{26CD2CE7-FF63-4669-83B0-7D9C8F3408EE}.Release|Win32.ActiveCfg = Release|Any CPU
		{26CD2CE7-FF63-4669-83B0-7D9C8F3408EE}.Release|x86.ActiveCfg = Release|Any CPU
		{26CD2CE7-FF63-4669-83B0-7D9C8F3408EE}.SingleImage|Any CPU.ActiveCfg = Release|Any CPU
		{26CD2CE7-FF63-4669-83B0-7D9C8F3408EE}.SingleImage|Any CPU.Build.0 = Release|Any CPU
		{26CD2CE7-FF63-4669-83B0-7D9C8F3408EE}.SingleImage|Mixed Platforms.ActiveCfg = Release|Any CPU
		{26CD2CE7-FF63-4669-83B0-7D9C8F3408EE}.SingleImage|Mixed Platforms.Build.0 = Release|Any CPU
		{26CD2CE7-FF63-4669-83B0-7D9C8F3408EE}.SingleImage|Win32.ActiveCfg = Release|Any CPU
		{26CD2CE7-FF63-4669-83B0-7D9C8F3408EE}.SingleImage|x86.ActiveCfg = Release|Any CPU
	EndGlobalSection
	GlobalSection(SolutionProperties) = preSolution
		HideSolutionNode = FALSE
	EndGlobalSection
EndGlobal
